
Microsoft Visual Studio Solution File, Format Version 12.00
# Visual Studio Version 17
VisualStudioVersion = 17.9.34728.123
MinimumVisualStudioVersion = 10.0.40219.1
Project("{9A19103F-16F7-4668-BE54-9A1E7A4F7556}") = "RealEstateService", "RealEstateService\RealEstateService.csproj", "{EE6A97A4-507C-4922-BC8C-C0272596BCC4}"
EndProject
Project("{9A19103F-16F7-4668-BE54-9A1E7A4F7556}") = "RealEstateCore", "RealEstateCore\RealEstateCore.csproj", "{1E560C04-DFC2-4267-8599-862833A496CB}"
EndProject
Project("{9A19103F-16F7-4668-BE54-9A1E7A4F7556}") = "RealEstateApplication", "RealEstateApplication\RealEstateApplication.csproj", "{F2CD5924-CF41-42B0-9D47-F1BE51AD7FBE}"
EndProject
Project("{9A19103F-16F7-4668-BE54-9A1E7A4F7556}") = "RealEstateInfrastructure", "RealEstateInfrastructure\RealEstateInfrastructure.csproj", "{8FCF1A22-767C-4E43-BDE7-6CC110EB3892}"
EndProject
Project("{FAE04EC0-301F-11D3-BF4B-00C04F79EFBC}") = "ElsaServer", "ElsaServer\ElsaServer.csproj", "{47665567-76F6-4DA3-865F-6317B85CE3BF}"
EndProject
Project("{9A19103F-16F7-4668-BE54-9A1E7A4F7556}") = "ElsaDashboard", "ElsaDashboard\ElsaDashboard.csproj", "{D6ADCA22-E3EC-4701-AB98-D1F8CEE7F96B}"
EndProject
Project("{FAE04EC0-301F-11D3-BF4B-00C04F79EFBC}") = "RealEstateAPI.AppHost", "RealEstateAPI.AppHost\RealEstateAPI.AppHost.csproj", "{0A38AD37-9D20-440C-9261-F77B0D7799B9}"
EndProject
Project("{9A19103F-16F7-4668-BE54-9A1E7A4F7556}") = "RealEstateAPI.ServiceDefaults", "RealEstateAPI.ServiceDefaults\RealEstateAPI.ServiceDefaults.csproj", "{B961CB4B-C3AC-48F7-A42C-66D67F72D7C5}"
EndProject
Global
	GlobalSection(SolutionConfigurationPlatforms) = preSolution
		Debug|Any CPU = Debug|Any CPU
		Release|Any CPU = Release|Any CPU
	EndGlobalSection
	GlobalSection(ProjectConfigurationPlatforms) = postSolution
		{EE6A97A4-507C-4922-BC8C-C0272596BCC4}.Debug|Any CPU.ActiveCfg = Debug|Any CPU
		{EE6A97A4-507C-4922-BC8C-C0272596BCC4}.Debug|Any CPU.Build.0 = Debug|Any CPU
		{EE6A97A4-507C-4922-BC8C-C0272596BCC4}.Release|Any CPU.ActiveCfg = Release|Any CPU
		{EE6A97A4-507C-4922-BC8C-C0272596BCC4}.Release|Any CPU.Build.0 = Release|Any CPU
		{1E560C04-DFC2-4267-8599-862833A496CB}.Debug|Any CPU.ActiveCfg = Debug|Any CPU
		{1E560C04-DFC2-4267-8599-862833A496CB}.Debug|Any CPU.Build.0 = Debug|Any CPU
		{1E560C04-DFC2-4267-8599-862833A496CB}.Release|Any CPU.ActiveCfg = Release|Any CPU
		{1E560C04-DFC2-4267-8599-862833A496CB}.Release|Any CPU.Build.0 = Release|Any CPU
		{F2CD5924-CF41-42B0-9D47-F1BE51AD7FBE}.Debug|Any CPU.ActiveCfg = Debug|Any CPU
		{F2CD5924-CF41-42B0-9D47-F1BE51AD7FBE}.Debug|Any CPU.Build.0 = Debug|Any CPU
		{F2CD5924-CF41-42B0-9D47-F1BE51AD7FBE}.Release|Any CPU.ActiveCfg = Release|Any CPU
		{F2CD5924-CF41-42B0-9D47-F1BE51AD7FBE}.Release|Any CPU.Build.0 = Release|Any CPU
		{8FCF1A22-767C-4E43-BDE7-6CC110EB3892}.Debug|Any CPU.ActiveCfg = Debug|Any CPU
		{8FCF1A22-767C-4E43-BDE7-6CC110EB3892}.Debug|Any CPU.Build.0 = Debug|Any CPU
		{8FCF1A22-767C-4E43-BDE7-6CC110EB3892}.Release|Any CPU.ActiveCfg = Release|Any CPU
		{8FCF1A22-767C-4E43-BDE7-6CC110EB3892}.Release|Any CPU.Build.0 = Release|Any CPU
		{47665567-76F6-4DA3-865F-6317B85CE3BF}.Debug|Any CPU.ActiveCfg = Debug|Any CPU
		{47665567-76F6-4DA3-865F-6317B85CE3BF}.Debug|Any CPU.Build.0 = Debug|Any CPU
		{47665567-76F6-4DA3-865F-6317B85CE3BF}.Release|Any CPU.ActiveCfg = Release|Any CPU
		{47665567-76F6-4DA3-865F-6317B85CE3BF}.Release|Any CPU.Build.0 = Release|Any CPU
		{D6ADCA22-E3EC-4701-AB98-D1F8CEE7F96B}.Debug|Any CPU.ActiveCfg = Debug|Any CPU
		{D6ADCA22-E3EC-4701-AB98-D1F8CEE7F96B}.Debug|Any CPU.Build.0 = Debug|Any CPU
		{D6ADCA22-E3EC-4701-AB98-D1F8CEE7F96B}.Release|Any CPU.ActiveCfg = Release|Any CPU
		{D6ADCA22-E3EC-4701-AB98-D1F8CEE7F96B}.Release|Any CPU.Build.0 = Release|Any CPU
		{0A38AD37-9D20-440C-9261-F77B0D7799B9}.Debug|Any CPU.ActiveCfg = Debug|Any CPU
		{0A38AD37-9D20-440C-9261-F77B0D7799B9}.Debug|Any CPU.Build.0 = Debug|Any CPU
		{0A38AD37-9D20-440C-9261-F77B0D7799B9}.Release|Any CPU.ActiveCfg = Release|Any CPU
		{0A38AD37-9D20-440C-9261-F77B0D7799B9}.Release|Any CPU.Build.0 = Release|Any CPU
		{B961CB4B-C3AC-48F7-A42C-66D67F72D7C5}.Debug|Any CPU.ActiveCfg = Debug|Any CPU
		{B961CB4B-C3AC-48F7-A42C-66D67F72D7C5}.Debug|Any CPU.Build.0 = Debug|Any CPU
		{B961CB4B-C3AC-48F7-A42C-66D67F72D7C5}.Release|Any CPU.ActiveCfg = Release|Any CPU
		{B961CB4B-C3AC-48F7-A42C-66D67F72D7C5}.Release|Any CPU.Build.0 = Release|Any CPU
	EndGlobalSection
	GlobalSection(SolutionProperties) = preSolution
		HideSolutionNode = FALSE
	EndGlobalSection
	GlobalSection(ExtensibilityGlobals) = postSolution
		SolutionGuid = {29E34705-80CE-42B1-8491-0A2C51C85C68}
	EndGlobalSection
EndGlobal
